
Microsoft Visual Studio Solution File, Format Version 12.00
# Visual Studio Version 17
VisualStudioVersion = 17.1.32414.318
MinimumVisualStudioVersion = 10.0.40219.1
Project("{9A19103F-16F7-4668-BE54-9A1E7A4F7556}") = "DoublyLinkedList", "DoublyLinkedList.csproj", "{CA3DFF59-4EB4-4500-B374-8CC620762CF6}"
EndProject
Global
	GlobalSection(SolutionConfigurationPlatforms) = preSolution
		Debug|Any CPU = Debug|Any CPU
		Release|Any CPU = Release|Any CPU
	EndGlobalSection
	GlobalSection(ProjectConfigurationPlatforms) = postSolution
		{CA3DFF59-4EB4-4500-B374-8CC620762CF6}.Debug|Any CPU.ActiveCfg = Debug|Any CPU
		{CA3DFF59-4EB4-4500-B374-8CC620762CF6}.Debug|Any CPU.Build.0 = Debug|Any CPU
		{CA3DFF59-4EB4-4500-B374-8CC620762CF6}.Release|Any CPU.ActiveCfg = Release|Any CPU
		{CA3DFF59-4EB4-4500-B374-8CC620762CF6}.Release|Any CPU.Build.0 = Release|Any CPU
	EndGlobalSection
	GlobalSection(SolutionProperties) = preSolution
		HideSolutionNode = FALSE
	EndGlobalSection
	GlobalSection(ExtensibilityGlobals) = postSolution
		SolutionGuid = {998CAAA4-FA49-430F-8DF3-3524216452D3}
	EndGlobalSection
EndGlobal
